
Microsoft Visual Studio Solution File, Format Version 12.00
# Visual Studio Version 17
VisualStudioVersion = 17.5.33424.131
MinimumVisualStudioVersion = 10.0.40219.1
Project("{FAE04EC0-301F-11D3-BF4B-00C04F79EFBC}") = "ProjectSOA", "ProjectSOA.csproj", "{29D04B88-C93F-45C1-9EF1-DDECA2C0A6F1}"
EndProject
Global
	GlobalSection(SolutionConfigurationPlatforms) = preSolution
		Debug|Any CPU = Debug|Any CPU
		Release|Any CPU = Release|Any CPU
	EndGlobalSection
	GlobalSection(ProjectConfigurationPlatforms) = postSolution
		{29D04B88-C93F-45C1-9EF1-DDECA2C0A6F1}.Debug|Any CPU.ActiveCfg = Debug|Any CPU
		{29D04B88-C93F-45C1-9EF1-DDECA2C0A6F1}.Debug|Any CPU.Build.0 = Debug|Any CPU
		{29D04B88-C93F-45C1-9EF1-DDECA2C0A6F1}.Release|Any CPU.ActiveCfg = Release|Any CPU
		{29D04B88-C93F-45C1-9EF1-DDECA2C0A6F1}.Release|Any CPU.Build.0 = Release|Any CPU
	EndGlobalSection
	GlobalSection(SolutionProperties) = preSolution
		HideSolutionNode = FALSE
	EndGlobalSection
	GlobalSection(ExtensibilityGlobals) = postSolution
		SolutionGuid = {7DAFE89A-3331-427E-B536-B97A55D5C139}
	EndGlobalSection
EndGlobal
